
Microsoft Visual Studio Solution File, Format Version 12.00
# Visual Studio 14
VisualStudioVersion = 14.0.25123.0
MinimumVisualStudioVersion = 10.0.40219.1
Project("{FAE04EC0-301F-11D3-BF4B-00C04F79EFBC}") = "MyClassLibrary", "MyClassLibrary\MyClassLibrary.csproj", "{6CC9F1FF-748A-4995-BA78-7080E9CE0DFB}"
EndProject
Project("{FAE04EC0-301F-11D3-BF4B-00C04F79EFBC}") = "MyClassLibrary.Tests", "MyClassLibrary.Tests\MyClassLibrary.Tests.csproj", "{E9BD6AA8-ACA6-4E3B-9ACC-BE3CCBDFDC02}"
EndProject
Project("{FAE04EC0-301F-11D3-BF4B-00C04F79EFBC}") = "MyMigrations", "MyMigrations\MyMigrations.csproj", "{676C45AE-876B-4B1D-BCC5-F9756AF3E464}"
EndProject
Global
	GlobalSection(SolutionConfigurationPlatforms) = preSolution
		Debug|Any CPU = Debug|Any CPU
		Release|Any CPU = Release|Any CPU
	EndGlobalSection
	GlobalSection(ProjectConfigurationPlatforms) = postSolution
		{6CC9F1FF-748A-4995-BA78-7080E9CE0DFB}.Debug|Any CPU.ActiveCfg = Debug|Any CPU
		{6CC9F1FF-748A-4995-BA78-7080E9CE0DFB}.Debug|Any CPU.Build.0 = Debug|Any CPU
		{6CC9F1FF-748A-4995-BA78-7080E9CE0DFB}.Release|Any CPU.ActiveCfg = Release|Any CPU
		{6CC9F1FF-748A-4995-BA78-7080E9CE0DFB}.Release|Any CPU.Build.0 = Release|Any CPU
		{E9BD6AA8-ACA6-4E3B-9ACC-BE3CCBDFDC02}.Debug|Any CPU.ActiveCfg = Debug|Any CPU
		{E9BD6AA8-ACA6-4E3B-9ACC-BE3CCBDFDC02}.Debug|Any CPU.Build.0 = Debug|Any CPU
		{E9BD6AA8-ACA6-4E3B-9ACC-BE3CCBDFDC02}.Release|Any CPU.ActiveCfg = Release|Any CPU
		{E9BD6AA8-ACA6-4E3B-9ACC-BE3CCBDFDC02}.Release|Any CPU.Build.0 = Release|Any CPU
		{676C45AE-876B-4B1D-BCC5-F9756AF3E464}.Debug|Any CPU.ActiveCfg = Debug|Any CPU
		{676C45AE-876B-4B1D-BCC5-F9756AF3E464}.Debug|Any CPU.Build.0 = Debug|Any CPU
		{676C45AE-876B-4B1D-BCC5-F9756AF3E464}.Release|Any CPU.ActiveCfg = Release|Any CPU
		{676C45AE-876B-4B1D-BCC5-F9756AF3E464}.Release|Any CPU.Build.0 = Release|Any CPU
	EndGlobalSection
	GlobalSection(SolutionProperties) = preSolution
		HideSolutionNode = FALSE
	EndGlobalSection
EndGlobal
